
Microsoft Visual Studio Solution File, Format Version 12.00
# Visual Studio Version 17
VisualStudioVersion = 17.3.32811.315
MinimumVisualStudioVersion = 10.0.40219.1
Project("{8BC9CEB8-8B4A-11D0-8D11-00A0C91BC942}") = "clean-it", "clean-it\clean-it.vcxproj", "{D6794942-37B0-4E5B-8890-915A34D15617}"
EndProject
Project("{8BC9CEB8-8B4A-11D0-8D11-00A0C91BC942}") = "clean-it-tests", "clean-it-tests\clean-it-tests.vcxproj", "{53E7758F-C9C7-459C-8717-60EEF0AA41E9}"
EndProject
Project("{2150E333-8FDC-42A3-9474-1A3956D46DE8}") = "Movies", "Movies", "{C5303E0C-ED8F-4BA2-B483-A89E967C620E}"
	ProjectSection(SolutionItems) = preProject
		movies\Aladdin.txt = movies\Aladdin.txt
		movies\Gone With The Wind.txt = movies\Gone With The Wind.txt
		movies\Harry Potter And The Goblet Of Fire.txt = movies\Harry Potter And The Goblet Of Fire.txt
	EndProjectSection
EndProject
Project("{8BC9CEB8-8B4A-11D0-8D11-00A0C91BC942}") = "header-unit-standard", "header-unit-standard\header-unit-standard.vcxproj", "{9331268F-D382-4D54-A7AF-41F7A975015F}"
EndProject
Project("{8BC9CEB8-8B4A-11D0-8D11-00A0C91BC942}") = "header-unit-third-party", "header-unit-third-party\header-unit-third-party.vcxproj", "{581C37CA-4F65-40BF-B718-B442F894A59F}"
EndProject
Global
	GlobalSection(SolutionConfigurationPlatforms) = preSolution
		Debug|x64 = Debug|x64
		Debug|x86 = Debug|x86
		Release|x64 = Release|x64
		Release|x86 = Release|x86
	EndGlobalSection
	GlobalSection(ProjectConfigurationPlatforms) = postSolution
		{D6794942-37B0-4E5B-8890-915A34D15617}.Debug|x64.ActiveCfg = Debug|x64
		{D6794942-37B0-4E5B-8890-915A34D15617}.Debug|x64.Build.0 = Debug|x64
		{D6794942-37B0-4E5B-8890-915A34D15617}.Debug|x86.ActiveCfg = Debug|Win32
		{D6794942-37B0-4E5B-8890-915A34D15617}.Debug|x86.Build.0 = Debug|Win32
		{D6794942-37B0-4E5B-8890-915A34D15617}.Release|x64.ActiveCfg = Release|x64
		{D6794942-37B0-4E5B-8890-915A34D15617}.Release|x64.Build.0 = Release|x64
		{D6794942-37B0-4E5B-8890-915A34D15617}.Release|x86.ActiveCfg = Release|Win32
		{D6794942-37B0-4E5B-8890-915A34D15617}.Release|x86.Build.0 = Release|Win32
		{53E7758F-C9C7-459C-8717-60EEF0AA41E9}.Debug|x64.ActiveCfg = Debug|x64
		{53E7758F-C9C7-459C-8717-60EEF0AA41E9}.Debug|x64.Build.0 = Debug|x64
		{53E7758F-C9C7-459C-8717-60EEF0AA41E9}.Debug|x86.ActiveCfg = Debug|Win32
		{53E7758F-C9C7-459C-8717-60EEF0AA41E9}.Debug|x86.Build.0 = Debug|Win32
		{53E7758F-C9C7-459C-8717-60EEF0AA41E9}.Release|x64.ActiveCfg = Release|x64
		{53E7758F-C9C7-459C-8717-60EEF0AA41E9}.Release|x64.Build.0 = Release|x64
		{53E7758F-C9C7-459C-8717-60EEF0AA41E9}.Release|x86.ActiveCfg = Release|Win32
		{53E7758F-C9C7-459C-8717-60EEF0AA41E9}.Release|x86.Build.0 = Release|Win32
		{9331268F-D382-4D54-A7AF-41F7A975015F}.Debug|x64.ActiveCfg = Debug|x64
		{9331268F-D382-4D54-A7AF-41F7A975015F}.Debug|x64.Build.0 = Debug|x64
		{9331268F-D382-4D54-A7AF-41F7A975015F}.Debug|x86.ActiveCfg = Debug|Win32
		{9331268F-D382-4D54-A7AF-41F7A975015F}.Debug|x86.Build.0 = Debug|Win32
		{9331268F-D382-4D54-A7AF-41F7A975015F}.Release|x64.ActiveCfg = Release|x64
		{9331268F-D382-4D54-A7AF-41F7A975015F}.Release|x64.Build.0 = Release|x64
		{9331268F-D382-4D54-A7AF-41F7A975015F}.Release|x86.ActiveCfg = Release|Win32
		{9331268F-D382-4D54-A7AF-41F7A975015F}.Release|x86.Build.0 = Release|Win32
		{581C37CA-4F65-40BF-B718-B442F894A59F}.Debug|x64.ActiveCfg = Debug|x64
		{581C37CA-4F65-40BF-B718-B442F894A59F}.Debug|x64.Build.0 = Debug|x64
		{581C37CA-4F65-40BF-B718-B442F894A59F}.Debug|x86.ActiveCfg = Debug|Win32
		{581C37CA-4F65-40BF-B718-B442F894A59F}.Debug|x86.Build.0 = Debug|Win32
		{581C37CA-4F65-40BF-B718-B442F894A59F}.Release|x64.ActiveCfg = Release|x64
		{581C37CA-4F65-40BF-B718-B442F894A59F}.Release|x64.Build.0 = Release|x64
		{581C37CA-4F65-40BF-B718-B442F894A59F}.Release|x86.ActiveCfg = Release|Win32
		{581C37CA-4F65-40BF-B718-B442F894A59F}.Release|x86.Build.0 = Release|Win32
	EndGlobalSection
	GlobalSection(SolutionProperties) = preSolution
		HideSolutionNode = FALSE
	EndGlobalSection
	GlobalSection(ExtensibilityGlobals) = postSolution
		SolutionGuid = {EB835318-81D6-495D-9207-1F63091EC078}
	EndGlobalSection
EndGlobal
