
Microsoft Visual Studio Solution File, Format Version 12.00
# Visual Studio Version 17
VisualStudioVersion = 17.3.32825.248
MinimumVisualStudioVersion = 10.0.40219.1
Project("{8BC9CEB8-8B4A-11D0-8D11-00A0C91BC942}") = "clean-it", "clean-it\clean-it.vcxproj", "{1FDF6CCF-9497-49FC-82A0-CB5E3E1C4E66}"
EndProject
Global
	GlobalSection(SolutionConfigurationPlatforms) = preSolution
		Debug|x64 = Debug|x64
		Debug|x86 = Debug|x86
		Release|x64 = Release|x64
		Release|x86 = Release|x86
	EndGlobalSection
	GlobalSection(ProjectConfigurationPlatforms) = postSolution
		{1FDF6CCF-9497-49FC-82A0-CB5E3E1C4E66}.Debug|x64.ActiveCfg = Debug|x64
		{1FDF6CCF-9497-49FC-82A0-CB5E3E1C4E66}.Debug|x64.Build.0 = Debug|x64
		{1FDF6CCF-9497-49FC-82A0-CB5E3E1C4E66}.Debug|x86.ActiveCfg = Debug|Win32
		{1FDF6CCF-9497-49FC-82A0-CB5E3E1C4E66}.Debug|x86.Build.0 = Debug|Win32
		{1FDF6CCF-9497-49FC-82A0-CB5E3E1C4E66}.Release|x64.ActiveCfg = Release|x64
		{1FDF6CCF-9497-49FC-82A0-CB5E3E1C4E66}.Release|x64.Build.0 = Release|x64
		{1FDF6CCF-9497-49FC-82A0-CB5E3E1C4E66}.Release|x86.ActiveCfg = Release|Win32
		{1FDF6CCF-9497-49FC-82A0-CB5E3E1C4E66}.Release|x86.Build.0 = Release|Win32
	EndGlobalSection
	GlobalSection(SolutionProperties) = preSolution
		HideSolutionNode = FALSE
	EndGlobalSection
	GlobalSection(ExtensibilityGlobals) = postSolution
		SolutionGuid = {C8B168DF-B631-4F57-922A-0EF39C8E0C2C}
	EndGlobalSection
EndGlobal
