<?xml version="1.0" encoding="utf-8"?>
<Project ToolsVersion="4.0" xmlns="http://schemas.microsoft.com/developer/msbuild/2003">
  <ItemGroup>
    <ClCompile Include="VODServer.cpp">
      <Filter>VODServer</Filter>
    </ClCompile>
    <ClCompile Include="MovieReader.cpp">
      <Filter>MovieReader</Filter>
    </ClCompile>
    <ClCompile Include="VODExport.cpp">
      <Filter>Exports</Filter>
    </ClCompile>
    <ClCompile Include="VODModule.ixx">
      <Filter>Exports</Filter>
    </ClCompile>
  </ItemGroup>
  <ItemGroup>
    <ClInclude Include="VODServer.h">
      <Filter>VODServer</Filter>
    </ClInclude>
    <ClInclude Include="MovieReader.h">
      <Filter>MovieReader</Filter>
    </ClInclude>
    <ClInclude Include="Movie.h">
      <Filter>MovieReader</Filter>
    </ClInclude>
    <ClInclude Include="IMovieObserver.h">
      <Filter>Exports</Filter>
    </ClInclude>
    <ClInclude Include="IVODServer.h">
      <Filter>Exports</Filter>
    </ClInclude>
    <ClInclude Include="VODExport.h">
      <Filter>Exports</Filter>
    </ClInclude>
    <ClInclude Include="Logger.h">
      <Filter>VODServer</Filter>
    </ClInclude>
    <ClInclude Include="expected.h">
      <Filter>Utils</Filter>
    </ClInclude>
    <ClInclude Include="IStreamer.h">
      <Filter>Exports</Filter>
    </ClInclude>
  </ItemGroup>
  <ItemGroup>
    <Filter Include="VODServer">
      <UniqueIdentifier>{ea916310-1d15-40bd-8506-cc5810b2d9fc}</UniqueIdentifier>
    </Filter>
    <Filter Include="MovieReader">
      <UniqueIdentifier>{284f46ae-2756-4faf-86be-442dafccadf3}</UniqueIdentifier>
    </Filter>
    <Filter Include="Exports">
      <UniqueIdentifier>{8b2c841a-354f-4b7b-aa49-dfb4c1d6d5c8}</UniqueIdentifier>
    </Filter>
    <Filter Include="Utils">
      <UniqueIdentifier>{18cdf334-2831-453b-91fa-3a1d9af1b46d}</UniqueIdentifier>
    </Filter>
  </ItemGroup>
  <ItemGroup>
    <None Include="packages.config" />
  </ItemGroup>
</Project>