<?xml version="1.0" encoding="utf-8"?>
<Project ToolsVersion="4.0" xmlns="http://schemas.microsoft.com/developer/msbuild/2003">
  <ItemGroup>
    <ClCompile Include="VODServer.cpp">
      <Filter>VODServer</Filter>
    </ClCompile>
    <ClCompile Include="MovieReader.cpp">
      <Filter>MovieReader</Filter>
    </ClCompile>
  </ItemGroup>
  <ItemGroup>
    <ClInclude Include="expected.h" />
    <ClInclude Include="VODServer.h">
      <Filter>VODServer</Filter>
    </ClInclude>
    <ClInclude Include="MovieReader.h">
      <Filter>MovieReader</Filter>
    </ClInclude>
    <ClInclude Include="Movie.h">
      <Filter>MovieReader</Filter>
    </ClInclude>
    <ClInclude Include="VODExport.h" />
  </ItemGroup>
  <ItemGroup>
    <Filter Include="VODServer">
      <UniqueIdentifier>{ea916310-1d15-40bd-8506-cc5810b2d9fc}</UniqueIdentifier>
    </Filter>
    <Filter Include="MovieReader">
      <UniqueIdentifier>{284f46ae-2756-4faf-86be-442dafccadf3}</UniqueIdentifier>
    </Filter>
  </ItemGroup>
  <ItemGroup>
    <None Include="packages.config" />
  </ItemGroup>
</Project>